{
  "originHash" : "f8a0db239c6de4472428fbeb321c7ff5b436762d439ad53f723aadd3e23e5cb2",
  "pins" : [
    {
      "identity" : "stripe-ios-spm",
      "kind" : "remoteSourceControl",
      "location" : "https://github.com/stripe/stripe-ios-spm",
      "state" : {
        "revision" : "f4f28a0b358011089e4538059d443eccff183382",
        "version" : "24.25.0"
      }
    }
  ],
  "version" : 3
}
